
Microsoft Visual Studio Solution File, Format Version 12.00
# Visual Studio Version 17
VisualStudioVersion = 17.13.35806.99 d17.13
MinimumVisualStudioVersion = 10.0.40219.1
Project("{FAE04EC0-301F-11D3-BF4B-00C04F79EFBC}") = "exercicio 3", "exercicio 3.csproj", "{417E49DB-4AFA-4F59-9119-8CAE5E575A98}"
EndProject
Global
	GlobalSection(SolutionConfigurationPlatforms) = preSolution
		Debug|Any CPU = Debug|Any CPU
		Release|Any CPU = Release|Any CPU
	EndGlobalSection
	GlobalSection(ProjectConfigurationPlatforms) = postSolution
		{417E49DB-4AFA-4F59-9119-8CAE5E575A98}.Debug|Any CPU.ActiveCfg = Debug|Any CPU
		{417E49DB-4AFA-4F59-9119-8CAE5E575A98}.Debug|Any CPU.Build.0 = Debug|Any CPU
		{417E49DB-4AFA-4F59-9119-8CAE5E575A98}.Release|Any CPU.ActiveCfg = Release|Any CPU
		{417E49DB-4AFA-4F59-9119-8CAE5E575A98}.Release|Any CPU.Build.0 = Release|Any CPU
	EndGlobalSection
	GlobalSection(SolutionProperties) = preSolution
		HideSolutionNode = FALSE
	EndGlobalSection
	GlobalSection(ExtensibilityGlobals) = postSolution
		SolutionGuid = {0BC1F809-B35A-45A1-B714-BEFDE7C61F08}
	EndGlobalSection
EndGlobal
